
Microsoft Visual Studio Solution File, Format Version 12.00
# Visual Studio Version 16
VisualStudioVersion = 16.0.29009.5
MinimumVisualStudioVersion = 10.0.40219.1
Project("{2150E333-8FDC-42A3-9474-1A3956D46DE8}") = "CoreDomain", "CoreDomain", "{479C6670-A7E2-47B2-B7F9-CB6E6992B139}"
EndProject
Project("{2150E333-8FDC-42A3-9474-1A3956D46DE8}") = "Subdomains", "Subdomains", "{6BA24667-172A-4C35-AE81-60F6E1722545}"
EndProject
Project("{2150E333-8FDC-42A3-9474-1A3956D46DE8}") = "GenericDomains", "GenericDomains", "{BAE700C7-CD83-452A-957A-3B9FEB8E0461}"
EndProject
Project("{2150E333-8FDC-42A3-9474-1A3956D46DE8}") = "ClaimsSubmission", "ClaimsSubmission", "{15514F37-8941-4FAE-99AD-D779C041EEEC}"
EndProject
Project("{2150E333-8FDC-42A3-9474-1A3956D46DE8}") = "ClaimsVetting", "ClaimsVetting", "{19671992-BC7A-4F0A-95CA-1D1DA6CAC9F8}"
EndProject
Project("{2150E333-8FDC-42A3-9474-1A3956D46DE8}") = "CodesDictionary", "CodesDictionary", "{0066EB75-BE15-4F1A-BD81-7D0CCCDE8467}"
EndProject
Project("{2150E333-8FDC-42A3-9474-1A3956D46DE8}") = "InsuredMembers", "InsuredMembers", "{8FE1E7B9-EC26-4861-AD90-0FBDC3F96779}"
EndProject
Project("{2150E333-8FDC-42A3-9474-1A3956D46DE8}") = "Identity", "Identity", "{A79DA628-75E7-4A71-BB31-B6431E1DAC2C}"
EndProject
Project("{9A19103F-16F7-4668-BE54-9A1E7A4F7556}") = "ClaimsSubmission.Api", "CoreDomain\ClaimsSubmission\ClaimsSubmission.Api\ClaimsSubmission.Api.csproj", "{F35EFA1A-EB2A-41D2-B65A-F0DA228564A9}"
EndProject
Project("{9A19103F-16F7-4668-BE54-9A1E7A4F7556}") = "ClaimsSubmission.Domain", "CoreDomain\ClaimsSubmission\ClaimsSubmission.Domain\ClaimsSubmission.Domain.csproj", "{0942EECE-5B6C-4496-B091-DC6262D0B392}"
EndProject
Project("{9A19103F-16F7-4668-BE54-9A1E7A4F7556}") = "ClaimsSubmission.Infrastructure", "CoreDomain\ClaimsSubmission\ClaimsSubmission.Infrastructure\ClaimsSubmission.Infrastructure.csproj", "{F396DAB1-07B5-4F3C-B99B-3243CF5A57FC}"
EndProject
Project("{E53339B2-1760-4266-BCC7-CA923CBCF16C}") = "docker-compose", "docker-compose.dcproj", "{231D582E-D72F-4221-9C7E-140CC7F4DB2C}"
EndProject
Project("{2150E333-8FDC-42A3-9474-1A3956D46DE8}") = "ApiGateway", "ApiGateway", "{2FD219BE-E6F6-4AD3-8546-FD1CCDE3C2AD}"
EndProject
Project("{9A19103F-16F7-4668-BE54-9A1E7A4F7556}") = "HealthcareClaims.ApiGateway", "HealthcareClaims.ApiGateway\HealthcareClaims.ApiGateway.csproj", "{1AA12CAF-18AF-4A2B-B986-15470BC52CF2}"
EndProject
Project("{2150E333-8FDC-42A3-9474-1A3956D46DE8}") = "Infrastructure", "Infrastructure", "{BB65F64F-12A1-45F4-94CB-32817BA6F3E7}"
EndProject
Project("{9A19103F-16F7-4668-BE54-9A1E7A4F7556}") = "Infrastructure.Common.Web", "Infrastructure\Infrastructure.Common.Web\Infrastructure.Common.Web.csproj", "{5D8D3F4D-8B74-4BC1-83F0-09C7D2CB8CF7}"
EndProject
Project("{9A19103F-16F7-4668-BE54-9A1E7A4F7556}") = "InsuredMembers.Api", "Subdomains\InsuredMembers\InsuredMembers.Api\InsuredMembers.Api.csproj", "{7D0C4D06-E20F-4D62-A83A-D5CB2E093AFC}"
EndProject
Project("{9A19103F-16F7-4668-BE54-9A1E7A4F7556}") = "Identity.Api", "GenericDomains\Identity\Identity.Api\Identity.Api.csproj", "{B7B7060C-F071-41CC-9C75-791F161BD1C6}"
EndProject
Project("{9A19103F-16F7-4668-BE54-9A1E7A4F7556}") = "ClaimsVetting.Api", "CoreDomain\ClaimsVetting\ClaimsVetting.Api\ClaimsVetting.Api.csproj", "{A30E90EA-7272-41D1-8557-C6B1BF136407}"
EndProject
Project("{9A19103F-16F7-4668-BE54-9A1E7A4F7556}") = "ClaimsVetting.Infrastructure", "CoreDomain\ClaimsVetting\ClaimsVetting.Infrastructure\ClaimsVetting.Infrastructure.csproj", "{E6A70063-2533-4542-A594-5965FCD6D38F}"
EndProject
Project("{2150E333-8FDC-42A3-9474-1A3956D46DE8}") = "Tests", "Tests", "{5BDB04A1-CC8B-482B-B5AF-94C09D889CE8}"
EndProject
Project("{9A19103F-16F7-4668-BE54-9A1E7A4F7556}") = "Domain.Tests", "CoreDomain\ClaimsSubmission\Tests\ClaimsSubmission.Domain.Tests\Domain.Tests.csproj", "{A4320DC7-0B8F-4196-B90C-96E9F7387535}"
EndProject
Project("{9A19103F-16F7-4668-BE54-9A1E7A4F7556}") = "Integration.Tests", "CoreDomain\ClaimsSubmission\Tests\Integration.Tests\Integration.Tests.csproj", "{3541BB72-DC8F-4F21-AB81-BACA097399F4}"
EndProject
Project("{9A19103F-16F7-4668-BE54-9A1E7A4F7556}") = "CodesDictionary.Api", "Subdomains\CodesDictionary\CodesDictionary.Api\CodesDictionary.Api.csproj", "{C446AB40-7CA5-45DF-94F5-562C396B28E3}"
EndProject
Project("{FAE04EC0-301F-11D3-BF4B-00C04F79EFBC}") = "ClaimsVetting.Domain", "CoreDomain\ClaimsVetting\ClaimsVetting.Domain\ClaimsVetting.Domain.csproj", "{7B3C0C1D-5C98-42DA-BBC0-C8DF23422942}"
EndProject
Global
	GlobalSection(SolutionConfigurationPlatforms) = preSolution
		Debug|Any CPU = Debug|Any CPU
		Release|Any CPU = Release|Any CPU
	EndGlobalSection
	GlobalSection(ProjectConfigurationPlatforms) = postSolution
		{F35EFA1A-EB2A-41D2-B65A-F0DA228564A9}.Debug|Any CPU.ActiveCfg = Debug|Any CPU
		{F35EFA1A-EB2A-41D2-B65A-F0DA228564A9}.Debug|Any CPU.Build.0 = Debug|Any CPU
		{F35EFA1A-EB2A-41D2-B65A-F0DA228564A9}.Release|Any CPU.ActiveCfg = Release|Any CPU
		{F35EFA1A-EB2A-41D2-B65A-F0DA228564A9}.Release|Any CPU.Build.0 = Release|Any CPU
		{0942EECE-5B6C-4496-B091-DC6262D0B392}.Debug|Any CPU.ActiveCfg = Debug|Any CPU
		{0942EECE-5B6C-4496-B091-DC6262D0B392}.Debug|Any CPU.Build.0 = Debug|Any CPU
		{0942EECE-5B6C-4496-B091-DC6262D0B392}.Release|Any CPU.ActiveCfg = Release|Any CPU
		{0942EECE-5B6C-4496-B091-DC6262D0B392}.Release|Any CPU.Build.0 = Release|Any CPU
		{F396DAB1-07B5-4F3C-B99B-3243CF5A57FC}.Debug|Any CPU.ActiveCfg = Debug|Any CPU
		{F396DAB1-07B5-4F3C-B99B-3243CF5A57FC}.Debug|Any CPU.Build.0 = Debug|Any CPU
		{F396DAB1-07B5-4F3C-B99B-3243CF5A57FC}.Release|Any CPU.ActiveCfg = Release|Any CPU
		{F396DAB1-07B5-4F3C-B99B-3243CF5A57FC}.Release|Any CPU.Build.0 = Release|Any CPU
		{231D582E-D72F-4221-9C7E-140CC7F4DB2C}.Debug|Any CPU.ActiveCfg = Debug|Any CPU
		{231D582E-D72F-4221-9C7E-140CC7F4DB2C}.Debug|Any CPU.Build.0 = Debug|Any CPU
		{231D582E-D72F-4221-9C7E-140CC7F4DB2C}.Release|Any CPU.ActiveCfg = Release|Any CPU
		{231D582E-D72F-4221-9C7E-140CC7F4DB2C}.Release|Any CPU.Build.0 = Release|Any CPU
		{1AA12CAF-18AF-4A2B-B986-15470BC52CF2}.Debug|Any CPU.ActiveCfg = Debug|Any CPU
		{1AA12CAF-18AF-4A2B-B986-15470BC52CF2}.Debug|Any CPU.Build.0 = Debug|Any CPU
		{1AA12CAF-18AF-4A2B-B986-15470BC52CF2}.Release|Any CPU.ActiveCfg = Release|Any CPU
		{1AA12CAF-18AF-4A2B-B986-15470BC52CF2}.Release|Any CPU.Build.0 = Release|Any CPU
		{5D8D3F4D-8B74-4BC1-83F0-09C7D2CB8CF7}.Debug|Any CPU.ActiveCfg = Debug|Any CPU
		{5D8D3F4D-8B74-4BC1-83F0-09C7D2CB8CF7}.Debug|Any CPU.Build.0 = Debug|Any CPU
		{5D8D3F4D-8B74-4BC1-83F0-09C7D2CB8CF7}.Release|Any CPU.ActiveCfg = Release|Any CPU
		{5D8D3F4D-8B74-4BC1-83F0-09C7D2CB8CF7}.Release|Any CPU.Build.0 = Release|Any CPU
		{7D0C4D06-E20F-4D62-A83A-D5CB2E093AFC}.Debug|Any CPU.ActiveCfg = Debug|Any CPU
		{7D0C4D06-E20F-4D62-A83A-D5CB2E093AFC}.Debug|Any CPU.Build.0 = Debug|Any CPU
		{7D0C4D06-E20F-4D62-A83A-D5CB2E093AFC}.Release|Any CPU.ActiveCfg = Release|Any CPU
		{7D0C4D06-E20F-4D62-A83A-D5CB2E093AFC}.Release|Any CPU.Build.0 = Release|Any CPU
		{B7B7060C-F071-41CC-9C75-791F161BD1C6}.Debug|Any CPU.ActiveCfg = Debug|Any CPU
		{B7B7060C-F071-41CC-9C75-791F161BD1C6}.Debug|Any CPU.Build.0 = Debug|Any CPU
		{B7B7060C-F071-41CC-9C75-791F161BD1C6}.Release|Any CPU.ActiveCfg = Release|Any CPU
		{B7B7060C-F071-41CC-9C75-791F161BD1C6}.Release|Any CPU.Build.0 = Release|Any CPU
		{A30E90EA-7272-41D1-8557-C6B1BF136407}.Debug|Any CPU.ActiveCfg = Debug|Any CPU
		{A30E90EA-7272-41D1-8557-C6B1BF136407}.Debug|Any CPU.Build.0 = Debug|Any CPU
		{A30E90EA-7272-41D1-8557-C6B1BF136407}.Release|Any CPU.ActiveCfg = Release|Any CPU
		{A30E90EA-7272-41D1-8557-C6B1BF136407}.Release|Any CPU.Build.0 = Release|Any CPU
		{E6A70063-2533-4542-A594-5965FCD6D38F}.Debug|Any CPU.ActiveCfg = Debug|Any CPU
		{E6A70063-2533-4542-A594-5965FCD6D38F}.Debug|Any CPU.Build.0 = Debug|Any CPU
		{E6A70063-2533-4542-A594-5965FCD6D38F}.Release|Any CPU.ActiveCfg = Release|Any CPU
		{E6A70063-2533-4542-A594-5965FCD6D38F}.Release|Any CPU.Build.0 = Release|Any CPU
		{A4320DC7-0B8F-4196-B90C-96E9F7387535}.Debug|Any CPU.ActiveCfg = Debug|Any CPU
		{A4320DC7-0B8F-4196-B90C-96E9F7387535}.Debug|Any CPU.Build.0 = Debug|Any CPU
		{A4320DC7-0B8F-4196-B90C-96E9F7387535}.Release|Any CPU.ActiveCfg = Release|Any CPU
		{A4320DC7-0B8F-4196-B90C-96E9F7387535}.Release|Any CPU.Build.0 = Release|Any CPU
		{3541BB72-DC8F-4F21-AB81-BACA097399F4}.Debug|Any CPU.ActiveCfg = Debug|Any CPU
		{3541BB72-DC8F-4F21-AB81-BACA097399F4}.Debug|Any CPU.Build.0 = Debug|Any CPU
		{3541BB72-DC8F-4F21-AB81-BACA097399F4}.Release|Any CPU.ActiveCfg = Release|Any CPU
		{3541BB72-DC8F-4F21-AB81-BACA097399F4}.Release|Any CPU.Build.0 = Release|Any CPU
		{C446AB40-7CA5-45DF-94F5-562C396B28E3}.Debug|Any CPU.ActiveCfg = Debug|Any CPU
		{C446AB40-7CA5-45DF-94F5-562C396B28E3}.Debug|Any CPU.Build.0 = Debug|Any CPU
		{C446AB40-7CA5-45DF-94F5-562C396B28E3}.Release|Any CPU.ActiveCfg = Release|Any CPU
		{C446AB40-7CA5-45DF-94F5-562C396B28E3}.Release|Any CPU.Build.0 = Release|Any CPU
		{7B3C0C1D-5C98-42DA-BBC0-C8DF23422942}.Debug|Any CPU.ActiveCfg = Debug|Any CPU
		{7B3C0C1D-5C98-42DA-BBC0-C8DF23422942}.Debug|Any CPU.Build.0 = Debug|Any CPU
		{7B3C0C1D-5C98-42DA-BBC0-C8DF23422942}.Release|Any CPU.ActiveCfg = Release|Any CPU
		{7B3C0C1D-5C98-42DA-BBC0-C8DF23422942}.Release|Any CPU.Build.0 = Release|Any CPU
	EndGlobalSection
	GlobalSection(SolutionProperties) = preSolution
		HideSolutionNode = FALSE
	EndGlobalSection
	GlobalSection(NestedProjects) = preSolution
		{15514F37-8941-4FAE-99AD-D779C041EEEC} = {479C6670-A7E2-47B2-B7F9-CB6E6992B139}
		{19671992-BC7A-4F0A-95CA-1D1DA6CAC9F8} = {479C6670-A7E2-47B2-B7F9-CB6E6992B139}
		{0066EB75-BE15-4F1A-BD81-7D0CCCDE8467} = {6BA24667-172A-4C35-AE81-60F6E1722545}
		{8FE1E7B9-EC26-4861-AD90-0FBDC3F96779} = {6BA24667-172A-4C35-AE81-60F6E1722545}
		{A79DA628-75E7-4A71-BB31-B6431E1DAC2C} = {BAE700C7-CD83-452A-957A-3B9FEB8E0461}
		{F35EFA1A-EB2A-41D2-B65A-F0DA228564A9} = {15514F37-8941-4FAE-99AD-D779C041EEEC}
		{0942EECE-5B6C-4496-B091-DC6262D0B392} = {15514F37-8941-4FAE-99AD-D779C041EEEC}
		{F396DAB1-07B5-4F3C-B99B-3243CF5A57FC} = {15514F37-8941-4FAE-99AD-D779C041EEEC}
		{1AA12CAF-18AF-4A2B-B986-15470BC52CF2} = {2FD219BE-E6F6-4AD3-8546-FD1CCDE3C2AD}
		{5D8D3F4D-8B74-4BC1-83F0-09C7D2CB8CF7} = {BB65F64F-12A1-45F4-94CB-32817BA6F3E7}
		{7D0C4D06-E20F-4D62-A83A-D5CB2E093AFC} = {8FE1E7B9-EC26-4861-AD90-0FBDC3F96779}
		{B7B7060C-F071-41CC-9C75-791F161BD1C6} = {A79DA628-75E7-4A71-BB31-B6431E1DAC2C}
		{A30E90EA-7272-41D1-8557-C6B1BF136407} = {19671992-BC7A-4F0A-95CA-1D1DA6CAC9F8}
		{E6A70063-2533-4542-A594-5965FCD6D38F} = {19671992-BC7A-4F0A-95CA-1D1DA6CAC9F8}
		{5BDB04A1-CC8B-482B-B5AF-94C09D889CE8} = {15514F37-8941-4FAE-99AD-D779C041EEEC}
		{A4320DC7-0B8F-4196-B90C-96E9F7387535} = {5BDB04A1-CC8B-482B-B5AF-94C09D889CE8}
		{3541BB72-DC8F-4F21-AB81-BACA097399F4} = {5BDB04A1-CC8B-482B-B5AF-94C09D889CE8}
		{C446AB40-7CA5-45DF-94F5-562C396B28E3} = {0066EB75-BE15-4F1A-BD81-7D0CCCDE8467}
		{7B3C0C1D-5C98-42DA-BBC0-C8DF23422942} = {19671992-BC7A-4F0A-95CA-1D1DA6CAC9F8}
	EndGlobalSection
	GlobalSection(ExtensibilityGlobals) = postSolution
		SolutionGuid = {2489F5AB-D44F-46FD-AE65-78D8E903B3FB}
	EndGlobalSection
EndGlobal
